
Microsoft Visual Studio Solution File, Format Version 12.00
# Visual Studio Version 17
VisualStudioVersion = 17.9.34723.18
MinimumVisualStudioVersion = 10.0.40219.1
Project("{888888A0-9F3D-457C-B088-3A5042F75D52}") = "class_and_objects_1", "class_and_objects_1\class_and_objects_1.pyproj", "{AE01366D-63A5-4700-8DB8-14648883360D}"
EndProject
Global
	GlobalSection(SolutionConfigurationPlatforms) = preSolution
		Debug|Any CPU = Debug|Any CPU
		Release|Any CPU = Release|Any CPU
	EndGlobalSection
	GlobalSection(ProjectConfigurationPlatforms) = postSolution
		{AE01366D-63A5-4700-8DB8-14648883360D}.Debug|Any CPU.ActiveCfg = Debug|Any CPU
		{AE01366D-63A5-4700-8DB8-14648883360D}.Release|Any CPU.ActiveCfg = Release|Any CPU
	EndGlobalSection
	GlobalSection(SolutionProperties) = preSolution
		HideSolutionNode = FALSE
	EndGlobalSection
	GlobalSection(ExtensibilityGlobals) = postSolution
		SolutionGuid = {EF20AA1F-3360-44B0-9DF8-B17950152A06}
	EndGlobalSection
EndGlobal
